{
  "name": "video-compressor",
  "version": "1.0.0",
  "lockfileVersion": 3,
  "requires": true,
  "packages": {
    "": {
      "name": "video-compressor",
      "version": "1.0.0",
      "devDependencies": {
        "@ffmpeg/core": "0.12.10",
        "@ffmpeg/core-mt": "^0.12.10"
      }
    },
    "node_modules/@ffmpeg/core": {
      "version": "0.12.10",
      "resolved": "https://registry.npmjs.org/@ffmpeg/core/-/core-0.12.10.tgz",
      "integrity": "sha512-dzNplnn2Nxle2c2i2rrDhqcB19q9cglCkWnoMTDN9Q9l3PvdjZWd1HfSPjCNWc/p8Q3CT+Es9fWOR0UhAeYQZA==",
      "dev": true,
      "license": "GPL-2.0-or-later",
      "engines": {
        "node": ">=16.x"
      }
    },
    "node_modules/@ffmpeg/core-mt": {
      "version": "0.12.10",
      "resolved": "https://registry.npmjs.org/@ffmpeg/core-mt/-/core-mt-0.12.10.tgz",
      "integrity": "sha512-atyRTOpa58bLCIgd6GXBZAXWyWD3AUoQyzxqjvGhp9MuSzdILtOTI62ffLswBsCnLq15lQ8IETHUpm1oe4V9FQ==",
      "dev": true,
      "license": "GPL-2.0-or-later",
      "engines": {
        "node": ">=16.x"
      }
    }
  }
}
